// !$*UTF8*$!
{
	archiveVersion = 1;
	classes = {
	};
	objectVersion = 51;
	objects = {

/* Begin PBXBuildFile section */
		5305DF342602630C0076B054 /* AppDelegate.swift in Sources */ = {isa = PBXBuildFile; fileRef = 5305DF332602630C0076B054 /* AppDelegate.swift */; };
		5305DF362602630C0076B054 /* SceneDelegate.swift in Sources */ = {isa = PBXBuildFile; fileRef = 5305DF352602630C0076B054 /* SceneDelegate.swift */; };
		5305DF382602630C0076B054 /* ViewController.swift in Sources */ = {isa = PBXBuildFile; fileRef = 5305DF372602630C0076B054 /* ViewController.swift */; };
		5305DF3B2602630C0076B054 /* Main.storyboard in Resources */ = {isa = PBXBuildFile; fileRef = 5305DF392602630C0076B054 /* Main.storyboard */; };
		5305DF3E2602630C0076B054 /* Parstagram.xcdatamodeld in Sources */ = {isa = PBXBuildFile; fileRef = 5305DF3C2602630C0076B054 /* Parstagram.xcdatamodeld */; };
		5305DF40260263170076B054 /* Assets.xcassets in Resources */ = {isa = PBXBuildFile; fileRef = 5305DF3F260263170076B054 /* Assets.xcassets */; };
		5305DF43260263170076B054 /* LaunchScreen.storyboard in Resources */ = {isa = PBXBuildFile; fileRef = 5305DF41260263170076B054 /* LaunchScreen.storyboard */; };
		530A10C8260284E40025843A /* LoginViewController.swift in Sources */ = {isa = PBXBuildFile; fileRef = 530A10C7260284E40025843A /* LoginViewController.swift */; };
		530A10CA260284EF0025843A /* FeedViewController.swift in Sources */ = {isa = PBXBuildFile; fileRef = 530A10C9260284EF0025843A /* FeedViewController.swift */; };
		530A10CC260289750025843A /* CameraViewController.swift in Sources */ = {isa = PBXBuildFile; fileRef = 530A10CB260289750025843A /* CameraViewController.swift */; };
		530A10CE26028F040025843A /* PostCell.swift in Sources */ = {isa = PBXBuildFile; fileRef = 530A10CD26028F040025843A /* PostCell.swift */; };
		B192CF69DBF2BC512DA94230 /* Pods_Parstagram.framework in Frameworks */ = {isa = PBXBuildFile; fileRef = 97512CE30B7D9618A368DD68 /* Pods_Parstagram.framework */; };
/* End PBXBuildFile section */

/* Begin PBXFileReference section */
		5305DF302602630C0076B054 /* Parstagram.app */ = {isa = PBXFileReference; explicitFileType = wrapper.application; includeInIndex = 0; path = Parstagram.app; sourceTree = BUILT_PRODUCTS_DIR; };
		5305DF332602630C0076B054 /* AppDelegate.swift */ = {isa = PBXFileReference; lastKnownFileType = sourcecode.swift; path = AppDelegate.swift; sourceTree = "<group>"; };
		5305DF352602630C0076B054 /* SceneDelegate.swift */ = {isa = PBXFileReference; lastKnownFileType = sourcecode.swift; path = SceneDelegate.swift; sourceTree = "<group>"; };
		5305DF372602630C0076B054 /* ViewController.swift */ = {isa = PBXFileReference; lastKnownFileType = sourcecode.swift; path = ViewController.swift; sourceTree = "<group>"; };
		5305DF3A2602630C0076B054 /* Base */ = {isa = PBXFileReference; lastKnownFileType = file.storyboard; name = Base; path = Base.lproj/Main.storyboard; sourceTree = "<group>"; };
		5305DF3D2602630C0076B054 /* Parstagram.xcdatamodel */ = {isa = PBXFileReference; lastKnownFileType = wrapper.xcdatamodel; path = Parstagram.xcdatamodel; sourceTree = "<group>"; };
		5305DF3F260263170076B054 /* Assets.xcassets */ = {isa = PBXFileReference; lastKnownFileType = folder.assetcatalog; path = Assets.xcassets; sourceTree = "<group>"; };
		5305DF42260263170076B054 /* Base */ = {isa = PBXFileReference; lastKnownFileType = file.storyboard; name = Base; path = Base.lproj/LaunchScreen.storyboard; sourceTree = "<group>"; };
		5305DF44260263170076B054 /* Info.plist */ = {isa = PBXFileReference; lastKnownFileType = text.plist.xml; path = Info.plist; sourceTree = "<group>"; };
		530A10C7260284E40025843A /* LoginViewController.swift */ = {isa = PBXFileReference; lastKnownFileType = sourcecode.swift; path = LoginViewController.swift; sourceTree = "<group>"; };
		530A10C9260284EF0025843A /* FeedViewController.swift */ = {isa = PBXFileReference; lastKnownFileType = sourcecode.swift; path = FeedViewController.swift; sourceTree = "<group>"; };
		530A10CB260289750025843A /* CameraViewController.swift */ = {isa = PBXFileReference; lastKnownFileType = sourcecode.swift; path = CameraViewController.swift; sourceTree = "<group>"; };
		530A10CD26028F040025843A /* PostCell.swift */ = {isa = PBXFileReference; lastKnownFileType = sourcecode.swift; path = PostCell.swift; sourceTree = "<group>"; };
		97512CE30B7D9618A368DD68 /* Pods_Parstagram.framework */ = {isa = PBXFileReference; explicitFileType = wrapper.framework; includeInIndex = 0; path = Pods_Parstagram.framework; sourceTree = BUILT_PRODUCTS_DIR; };
		A178BAE623B66B0DC414CF3C /* Pods-Parstagram.release.xcconfig */ = {isa = PBXFileReference; includeInIndex = 1; lastKnownFileType = text.xcconfig; name = "Pods-Parstagram.release.xcconfig"; path = "Target Support Files/Pods-Parstagram/Pods-Parstagram.release.xcconfig"; sourceTree = "<group>"; };
		D5DAE4C5A229AA47FB1D4699 /* Pods-Parstagram.debug.xcconfig */ = {isa = PBXFileReference; includeInIndex = 1; lastKnownFileType = text.xcconfig; name = "Pods-Parstagram.debug.xcconfig"; path = "Target Support Files/Pods-Parstagram/Pods-Parstagram.debug.xcconfig"; sourceTree = "<group>"; };
/* End PBXFileReference section */

/* Begin PBXFrameworksBuildPhase section */
		5305DF2D2602630C0076B054 /* Frameworks */ = {
			isa = PBXFrameworksBuildPhase;
			buildActionMask = 2147483647;
			files = (
				B192CF69DBF2BC512DA94230 /* Pods_Parstagram.framework in Frameworks */,
			);
			runOnlyForDeploymentPostprocessing = 0;
		};
/* End PBXFrameworksBuildPhase section */

/* Begin PBXGroup section */
		256907F2409B775AE6DC6B46 /* Pods */ = {
			isa = PBXGroup;
			children = (
				D5DAE4C5A229AA47FB1D4699 /* Pods-Parstagram.debug.xcconfig */,
				A178BAE623B66B0DC414CF3C /* Pods-Parstagram.release.xcconfig */,
			);
			path = Pods;
			sourceTree = "<group>";
		};
		5305DF272602630C0076B054 = {
			isa = PBXGroup;
			children = (
				5305DF322602630C0076B054 /* Parstagram */,
				5305DF312602630C0076B054 /* Products */,
				256907F2409B775AE6DC6B46 /* Pods */,
				74FB6591CF148940CC640879 /* Frameworks */,
			);
			sourceTree = "<group>";
		};
		5305DF312602630C0076B054 /* Products */ = {
			isa = PBXGroup;
			children = (
				5305DF302602630C0076B054 /* Parstagram.app */,
			);
			name = Products;
			sourceTree = "<group>";
		};
		5305DF322602630C0076B054 /* Parstagram */ = {
			isa = PBXGroup;
			children = (
				5305DF332602630C0076B054 /* AppDelegate.swift */,
				5305DF352602630C0076B054 /* SceneDelegate.swift */,
				5305DF372602630C0076B054 /* ViewController.swift */,
				5305DF392602630C0076B054 /* Main.storyboard */,
				5305DF3F260263170076B054 /* Assets.xcassets */,
				5305DF41260263170076B054 /* LaunchScreen.storyboard */,
				5305DF44260263170076B054 /* Info.plist */,
				5305DF3C2602630C0076B054 /* Parstagram.xcdatamodeld */,
				530A10C7260284E40025843A /* LoginViewController.swift */,
				530A10C9260284EF0025843A /* FeedViewController.swift */,
				530A10CB260289750025843A /* CameraViewController.swift */,
				530A10CD26028F040025843A /* PostCell.swift */,
			);
			path = Parstagram;
			sourceTree = "<group>";
		};
		74FB6591CF148940CC640879 /* Frameworks */ = {
			isa = PBXGroup;
			children = (
				97512CE30B7D9618A368DD68 /* Pods_Parstagram.framework */,
			);
			name = Frameworks;
			sourceTree = "<group>";
		};
/* End PBXGroup section */

/* Begin PBXNativeTarget section */
		5305DF2F2602630C0076B054 /* Parstagram */ = {
			isa = PBXNativeTarget;
			buildConfigurationList = 5305DF47260263180076B054 /* Build configuration list for PBXNativeTarget "Parstagram" */;
			buildPhases = (
				91471324ED03E2B7168B7231 /* [CP] Check Pods Manifest.lock */,
				5305DF2C2602630C0076B054 /* Sources */,
				5305DF2D2602630C0076B054 /* Frameworks */,
				5305DF2E2602630C0076B054 /* Resources */,
				56D779578B2B40524B4BEDD4 /* [CP] Embed Pods Frameworks */,
			);
			buildRules = (
			);
			dependencies = (
			);
			name = Parstagram;
			productName = Parstagram;
			productReference = 5305DF302602630C0076B054 /* Parstagram.app */;
			productType = "com.apple.product-type.application";
		};
/* End PBXNativeTarget section */

/* Begin PBXProject section */
		5305DF282602630C0076B054 /* Project object */ = {
			isa = PBXProject;
			attributes = {
				LastSwiftUpdateCheck = 1150;
				LastUpgradeCheck = 1150;
				ORGANIZATIONNAME = "Lawrence Lin";
				TargetAttributes = {
					5305DF2F2602630C0076B054 = {
						CreatedOnToolsVersion = 11.5;
					};
				};
			};
			buildConfigurationList = 5305DF2B2602630C0076B054 /* Build configuration list for PBXProject "Parstagram" */;
			compatibilityVersion = "Xcode 9.3";
			developmentRegion = en;
			hasScannedForEncodings = 0;
			knownRegions = (
				en,
				Base,
			);
			mainGroup = 5305DF272602630C0076B054;
			productRefGroup = 5305DF312602630C0076B054 /* Products */;
			projectDirPath = "";
			projectRoot = "";
			targets = (
				5305DF2F2602630C0076B054 /* Parstagram */,
			);
		};
/* End PBXProject section */

/* Begin PBXResourcesBuildPhase section */
		5305DF2E2602630C0076B054 /* Resources */ = {
			isa = PBXResourcesBuildPhase;
			buildActionMask = 2147483647;
			files = (
				5305DF43260263170076B054 /* LaunchScreen.storyboard in Resources */,
				5305DF40260263170076B054 /* Assets.xcassets in Resources */,
				5305DF3B2602630C0076B054 /* Main.storyboard in Resources */,
			);
			runOnlyForDeploymentPostprocessing = 0;
		};
/* End PBXResourcesBuildPhase section */

/* Begin PBXShellScriptBuildPhase section */
		56D779578B2B40524B4BEDD4 /* [CP] Embed Pods Frameworks */ = {
			isa = PBXShellScriptBuildPhase;
			buildActionMask = 2147483647;
			files = (
			);
			inputFileListPaths = (
				"${PODS_ROOT}/Target Support Files/Pods-Parstagram/Pods-Parstagram-frameworks-${CONFIGURATION}-input-files.xcfilelist",
			);
			name = "[CP] Embed Pods Frameworks";
			outputFileListPaths = (
				"${PODS_ROOT}/Target Support Files/Pods-Parstagram/Pods-Parstagram-frameworks-${CONFIGURATION}-output-files.xcfilelist",
			);
			runOnlyForDeploymentPostprocessing = 0;
			shellPath = /bin/sh;
			shellScript = "\"${PODS_ROOT}/Target Support Files/Pods-Parstagram/Pods-Parstagram-frameworks.sh\"\n";
			showEnvVarsInLog = 0;
		};
		91471324ED03E2B7168B7231 /* [CP] Check Pods Manifest.lock */ = {
			isa = PBXShellScriptBuildPhase;
			buildActionMask = 2147483647;
			files = (
			);
			inputFileListPaths = (
			);
			inputPaths = (
				"${PODS_PODFILE_DIR_PATH}/Podfile.lock",
				"${PODS_ROOT}/Manifest.lock",
			);
			name = "[CP] Check Pods Manifest.lock";
			outputFileListPaths = (
			);
			outputPaths = (
				"$(DERIVED_FILE_DIR)/Pods-Parstagram-checkManifestLockResult.txt",
			);
			runOnlyForDeploymentPostprocessing = 0;
			shellPath = /bin/sh;
			shellScript = "diff \"${PODS_PODFILE_DIR_PATH}/Podfile.lock\" \"${PODS_ROOT}/Manifest.lock\" > /dev/null\nif [ $? != 0 ] ; then\n    # print error to STDERR\n    echo \"error: The sandbox is not in sync with the Podfile.lock. Run 'pod install' or update your CocoaPods installation.\" >&2\n    exit 1\nfi\n# This output is used by Xcode 'outputs' to avoid re-running this script phase.\necho \"SUCCESS\" > \"${SCRIPT_OUTPUT_FILE_0}\"\n";
			showEnvVarsInLog = 0;
		};
/* End PBXShellScriptBuildPhase section */

/* Begin PBXSourcesBuildPhase section */
		5305DF2C2602630C0076B054 /* Sources */ = {
			isa = PBXSourcesBuildPhase;
			buildActionMask = 2147483647;
			files = (
				5305DF382602630C0076B054 /* ViewController.swift in Sources */,
				5305DF3E2602630C0076B054 /* Parstagram.xcdatamodeld in Sources */,
				5305DF342602630C0076B054 /* AppDelegate.swift in Sources */,
				530A10C8260284E40025843A /* LoginViewController.swift in Sources */,
				530A10CC260289750025843A /* CameraViewController.swift in Sources */,
				530A10CA260284EF0025843A /* FeedViewController.swift in Sources */,
				5305DF362602630C0076B054 /* SceneDelegate.swift in Sources */,
				530A10CE26028F040025843A /* PostCell.swift in Sources */,
			);
			runOnlyForDeploymentPostprocessing = 0;
		};
/* End PBXSourcesBuildPhase section */

/* Begin PBXVariantGroup section */
		5305DF392602630C0076B054 /* Main.storyboard */ = {
			isa = PBXVariantGroup;
			children = (
				5305DF3A2602630C0076B054 /* Base */,
			);
			name = Main.storyboard;
			sourceTree = "<group>";
		};
		5305DF41260263170076B054 /* LaunchScreen.storyboard */ = {
			isa = PBXVariantGroup;
			children = (
				5305DF42260263170076B054 /* Base */,
			);
			name = LaunchScreen.storyboard;
			sourceTree = "<group>";
		};
/* End PBXVariantGroup section */

/* Begin XCBuildConfiguration section */
		5305DF45260263180076B054 /* Debug */ = {
			isa = XCBuildConfiguration;
			buildSettings = {
				ALWAYS_SEARCH_USER_PATHS = NO;
				CLANG_ANALYZER_NONNULL = YES;
				CLANG_ANALYZER_NUMBER_OBJECT_CONVERSION = YES_AGGRESSIVE;
				CLANG_CXX_LANGUAGE_STANDARD = "gnu++14";
				CLANG_CXX_LIBRARY = "libc++";
				CLANG_ENABLE_MODULES = YES;
				CLANG_ENABLE_OBJC_ARC = YES;
				CLANG_ENABLE_OBJC_WEAK = YES;
				CLANG_WARN_BLOCK_CAPTURE_AUTORELEASING = YES;
				CLANG_WARN_BOOL_CONVERSION = YES;
				CLANG_WARN_COMMA = YES;
				CLANG_WARN_CONSTANT_CONVERSION = YES;
				CLANG_WARN_DEPRECATED_OBJC_IMPLEMENTATIONS = YES;
				CLANG_WARN_DIRECT_OBJC_ISA_USAGE = YES_ERROR;
				CLANG_WARN_DOCUMENTATION_COMMENTS = YES;
				CLANG_WARN_EMPTY_BODY = YES;
				CLANG_WARN_ENUM_CONVERSION = YES;
				CLANG_WARN_INFINITE_RECURSION = YES;
				CLANG_WARN_INT_CONVERSION = YES;
				CLANG_WARN_NON_LITERAL_NULL_CONVERSION = YES;
				CLANG_WARN_OBJC_IMPLICIT_RETAIN_SELF = YES;
				CLANG_WARN_OBJC_LITERAL_CONVERSION = YES;
				CLANG_WARN_OBJC_ROOT_CLASS = YES_ERROR;
				CLANG_WARN_RANGE_LOOP_ANALYSIS = YES;
				CLANG_WARN_STRICT_PROTOTYPES = YES;
				CLANG_WARN_SUSPICIOUS_MOVE = YES;
				CLANG_WARN_UNGUARDED_AVAILABILITY = YES_AGGRESSIVE;
				CLANG_WARN_UNREACHABLE_CODE = YES;
				CLANG_WARN__DUPLICATE_METHOD_MATCH = YES;
				COPY_PHASE_STRIP = NO;
				DEBUG_INFORMATION_FORMAT = dwarf;
				ENABLE_STRICT_OBJC_MSGSEND = YES;
				ENABLE_TESTABILITY = YES;
				GCC_C_LANGUAGE_STANDARD = gnu11;
				GCC_DYNAMIC_NO_PIC = NO;
				GCC_NO_COMMON_BLOCKS = YES;
				GCC_OPTIMIZATION_LEVEL = 0;
				GCC_PREPROCESSOR_DEFINITIONS = (
					"DEBUG=1",
					"$(inherited)",
				);
				GCC_WARN_64_TO_32_BIT_CONVERSION = YES;
				GCC_WARN_ABOUT_RETURN_TYPE = YES_ERROR;
				GCC_WARN_UNDECLARED_SELECTOR = YES;
				GCC_WARN_UNINITIALIZED_AUTOS = YES_AGGRESSIVE;
				GCC_WARN_UNUSED_FUNCTION = YES;
				GCC_WARN_UNUSED_VARIABLE = YES;
				IPHONEOS_DEPLOYMENT_TARGET = 13.5;
				MTL_ENABLE_DEBUG_INFO = INCLUDE_SOURCE;
				MTL_FAST_MATH = YES;
				ONLY_ACTIVE_ARCH = YES;
				SDKROOT = iphoneos;
				SWIFT_ACTIVE_COMPILATION_CONDITIONS = DEBUG;
				SWIFT_OPTIMIZATION_LEVEL = "-Onone";
			};
			name = Debug;
		};
		5305DF46260263180076B054 /* Release */ = {
			isa = XCBuildConfiguration;
			buildSettings = {
				ALWAYS_SEARCH_USER_PATHS = NO;
				CLANG_ANALYZER_NONNULL = YES;
				CLANG_ANALYZER_NUMBER_OBJECT_CONVERSION = YES_AGGRESSIVE;
				CLANG_CXX_LANGUAGE_STANDARD = "gnu++14";
				CLANG_CXX_LIBRARY = "libc++";
				CLANG_ENABLE_MODULES = YES;
				CLANG_ENABLE_OBJC_ARC = YES;
				CLANG_ENABLE_OBJC_WEAK = YES;
				CLANG_WARN_BLOCK_CAPTURE_AUTORELEASING = YES;
				CLANG_WARN_BOOL_CONVERSION = YES;
				CLANG_WARN_COMMA = YES;
				CLANG_WARN_CONSTANT_CONVERSION = YES;
				CLANG_WARN_DEPRECATED_OBJC_IMPLEMENTATIONS = YES;
				CLANG_WARN_DIRECT_OBJC_ISA_USAGE = YES_ERROR;
				CLANG_WARN_DOCUMENTATION_COMMENTS = YES;
				CLANG_WARN_EMPTY_BODY = YES;
				CLANG_WARN_ENUM_CONVERSION = YES;
				CLANG_WARN_INFINITE_RECURSION = YES;
				CLANG_WARN_INT_CONVERSION = YES;
				CLANG_WARN_NON_LITERAL_NULL_CONVERSION = YES;
				CLANG_WARN_OBJC_IMPLICIT_RETAIN_SELF = YES;
				CLANG_WARN_OBJC_LITERAL_CONVERSION = YES;
				CLANG_WARN_OBJC_ROOT_CLASS = YES_ERROR;
				CLANG_WARN_RANGE_LOOP_ANALYSIS = YES;
				CLANG_WARN_STRICT_PROTOTYPES = YES;
				CLANG_WARN_SUSPICIOUS_MOVE = YES;
				CLANG_WARN_UNGUARDED_AVAILABILITY = YES_AGGRESSIVE;
				CLANG_WARN_UNREACHABLE_CODE = YES;
				CLANG_WARN__DUPLICATE_METHOD_MATCH = YES;
				COPY_PHASE_STRIP = NO;
				DEBUG_INFORMATION_FORMAT = "dwarf-with-dsym";
				ENABLE_NS_ASSERTIONS = NO;
				ENABLE_STRICT_OBJC_MSGSEND = YES;
				GCC_C_LANGUAGE_STANDARD = gnu11;
				GCC_NO_COMMON_BLOCKS = YES;
				GCC_WARN_64_TO_32_BIT_CONVERSION = YES;
				GCC_WARN_ABOUT_RETURN_TYPE = YES_ERROR;
				GCC_WARN_UNDECLARED_SELECTOR = YES;
				GCC_WARN_UNINITIALIZED_AUTOS = YES_AGGRESSIVE;
				GCC_WARN_UNUSED_FUNCTION = YES;
				GCC_WARN_UNUSED_VARIABLE = YES;
				IPHONEOS_DEPLOYMENT_TARGET = 13.5;
				MTL_ENABLE_DEBUG_INFO = NO;
				MTL_FAST_MATH = YES;
				SDKROOT = iphoneos;
				SWIFT_COMPILATION_MODE = wholemodule;
				SWIFT_OPTIMIZATION_LEVEL = "-O";
				VALIDATE_PRODUCT = YES;
			};
			name = Release;
		};
		5305DF48260263180076B054 /* Debug */ = {
			isa = XCBuildConfiguration;
			baseConfigurationReference = D5DAE4C5A229AA47FB1D4699 /* Pods-Parstagram.debug.xcconfig */;
			buildSettings = {
				ASSETCATALOG_COMPILER_APPICON_NAME = AppIcon;
				CODE_SIGN_STYLE = Automatic;
				INFOPLIST_FILE = Parstagram/Info.plist;
				LD_RUNPATH_SEARCH_PATHS = (
					"$(inherited)",
					"@executable_path/Frameworks",
				);
				PRODUCT_BUNDLE_IDENTIFIER = CodePath.Parstagram;
				PRODUCT_NAME = "$(TARGET_NAME)";
				SWIFT_VERSION = 5.0;
				TARGETED_DEVICE_FAMILY = "1,2";
			};
			name = Debug;
		};
		5305DF49260263180076B054 /* Release */ = {
			isa = XCBuildConfiguration;
			baseConfigurationReference = A178BAE623B66B0DC414CF3C /* Pods-Parstagram.release.xcconfig */;
			buildSettings = {
				ASSETCATALOG_COMPILER_APPICON_NAME = AppIcon;
				CODE_SIGN_STYLE = Automatic;
				"FRAMEWORK_SEARCH_PATHS[arch=*]" = "$(PROJECT_DIR)";
				INFOPLIST_FILE = Parstagram/Info.plist;
				LD_RUNPATH_SEARCH_PATHS = (
					"$(inherited)",
					"@executable_path/Frameworks",
				);
				PRODUCT_BUNDLE_IDENTIFIER = CodePath.Parstagram;
				PRODUCT_NAME = "$(TARGET_NAME)";
				SWIFT_VERSION = 5.0;
				TARGETED_DEVICE_FAMILY = "1,2";
			};
			name = Release;
		};
/* End XCBuildConfiguration section */

/* Begin XCConfigurationList section */
		5305DF2B2602630C0076B054 /* Build configuration list for PBXProject "Parstagram" */ = {
			isa = XCConfigurationList;
			buildConfigurations = (
				5305DF45260263180076B054 /* Debug */,
				5305DF46260263180076B054 /* Release */,
			);
			defaultConfigurationIsVisible = 0;
			defaultConfigurationName = Release;
		};
		5305DF47260263180076B054 /* Build configuration list for PBXNativeTarget "Parstagram" */ = {
			isa = XCConfigurationList;
			buildConfigurations = (
				5305DF48260263180076B054 /* Debug */,
				5305DF49260263180076B054 /* Release */,
			);
			defaultConfigurationIsVisible = 0;
			defaultConfigurationName = Release;
		};
/* End XCConfigurationList section */

/* Begin XCVersionGroup section */
		5305DF3C2602630C0076B054 /* Parstagram.xcdatamodeld */ = {
			isa = XCVersionGroup;
			children = (
				5305DF3D2602630C0076B054 /* Parstagram.xcdatamodel */,
			);
			currentVersion = 5305DF3D2602630C0076B054 /* Parstagram.xcdatamodel */;
			path = Parstagram.xcdatamodeld;
			sourceTree = "<group>";
			versionGroupType = wrapper.xcdatamodel;
		};
/* End XCVersionGroup section */
	};
	rootObject = 5305DF282602630C0076B054 /* Project object */;
}
